
Microsoft Visual Studio Solution File, Format Version 12.00
# Visual Studio Version 17
VisualStudioVersion = 17.4.33213.308
MinimumVisualStudioVersion = 10.0.40219.1
Project("{FAE04EC0-301F-11D3-BF4B-00C04F79EFBC}") = "AnalizadorLexico", "AnalizadorLexico\AnalizadorLexico.csproj", "{B8C964FF-281D-417A-926E-839DD08CBA80}"
EndProject
Global
	GlobalSection(SolutionConfigurationPlatforms) = preSolution
		Debug|Any CPU = Debug|Any CPU
		Release|Any CPU = Release|Any CPU
	EndGlobalSection
	GlobalSection(ProjectConfigurationPlatforms) = postSolution
		{B8C964FF-281D-417A-926E-839DD08CBA80}.Debug|Any CPU.ActiveCfg = Debug|Any CPU
		{B8C964FF-281D-417A-926E-839DD08CBA80}.Debug|Any CPU.Build.0 = Debug|Any CPU
		{B8C964FF-281D-417A-926E-839DD08CBA80}.Release|Any CPU.ActiveCfg = Release|Any CPU
		{B8C964FF-281D-417A-926E-839DD08CBA80}.Release|Any CPU.Build.0 = Release|Any CPU
	EndGlobalSection
	GlobalSection(SolutionProperties) = preSolution
		HideSolutionNode = FALSE
	EndGlobalSection
	GlobalSection(ExtensibilityGlobals) = postSolution
		SolutionGuid = {C24E7086-2DFF-4D89-9670-E7AA533B657F}
	EndGlobalSection
EndGlobal
